
Microsoft Visual Studio Solution File, Format Version 12.00
# Visual Studio Version 16
VisualStudioVersion = 16.0.29025.244
MinimumVisualStudioVersion = 10.0.40219.1
Project("{FAE04EC0-301F-11D3-BF4B-00C04F79EFBC}") = "DigitRecognition", "DigitRecognition\DigitRecognition.csproj", "{F5CBF230-C538-444B-9330-C39FAD6CE4BE}"
EndProject
Global
	GlobalSection(SolutionConfigurationPlatforms) = preSolution
		Debug|Any CPU = Debug|Any CPU
		Release|Any CPU = Release|Any CPU
	EndGlobalSection
	GlobalSection(ProjectConfigurationPlatforms) = postSolution
		{F5CBF230-C538-444B-9330-C39FAD6CE4BE}.Debug|Any CPU.ActiveCfg = Debug|Any CPU
		{F5CBF230-C538-444B-9330-C39FAD6CE4BE}.Debug|Any CPU.Build.0 = Debug|Any CPU
		{F5CBF230-C538-444B-9330-C39FAD6CE4BE}.Release|Any CPU.ActiveCfg = Release|Any CPU
		{F5CBF230-C538-444B-9330-C39FAD6CE4BE}.Release|Any CPU.Build.0 = Release|Any CPU
	EndGlobalSection
	GlobalSection(SolutionProperties) = preSolution
		HideSolutionNode = FALSE
	EndGlobalSection
	GlobalSection(ExtensibilityGlobals) = postSolution
		SolutionGuid = {7FC9B4DE-4476-45FD-8629-626931BCDF24}
	EndGlobalSection
EndGlobal
